
Microsoft Visual Studio Solution File, Format Version 12.00
# Visual Studio Version 17
VisualStudioVersion = 17.14.36202.13 d17.14
MinimumVisualStudioVersion = 10.0.40219.1
Project("{FAE04EC0-301F-11D3-BF4B-00C04F79EFBC}") = "RUAP_LV1", "RUAP_LV1\RUAP_LV1.csproj", "{0AB1A83D-0B17-41D7-B12F-41925FE128F5}"
EndProject
Global
	GlobalSection(SolutionConfigurationPlatforms) = preSolution
		Debug|Any CPU = Debug|Any CPU
		Release|Any CPU = Release|Any CPU
	EndGlobalSection
	GlobalSection(ProjectConfigurationPlatforms) = postSolution
		{0AB1A83D-0B17-41D7-B12F-41925FE128F5}.Debug|Any CPU.ActiveCfg = Debug|Any CPU
		{0AB1A83D-0B17-41D7-B12F-41925FE128F5}.Debug|Any CPU.Build.0 = Debug|Any CPU
		{0AB1A83D-0B17-41D7-B12F-41925FE128F5}.Release|Any CPU.ActiveCfg = Release|Any CPU
		{0AB1A83D-0B17-41D7-B12F-41925FE128F5}.Release|Any CPU.Build.0 = Release|Any CPU
	EndGlobalSection
	GlobalSection(SolutionProperties) = preSolution
		HideSolutionNode = FALSE
	EndGlobalSection
	GlobalSection(ExtensibilityGlobals) = postSolution
		SolutionGuid = {16BD1E52-BF2E-4154-AE95-D85C93E6DDBD}
	EndGlobalSection
EndGlobal
